
Microsoft Visual Studio Solution File, Format Version 12.00
# Visual Studio Version 17
VisualStudioVersion = 17.2.32526.322
MinimumVisualStudioVersion = 10.0.40219.1
Project("{FAE04EC0-301F-11D3-BF4B-00C04F79EFBC}") = "A2ParserTestTask", "A2ParserTestTask.csproj", "{3F638F68-C098-4F88-8E14-D3C92CF52C9B}"
EndProject
Global
	GlobalSection(SolutionConfigurationPlatforms) = preSolution
		Debug|Any CPU = Debug|Any CPU
		Release|Any CPU = Release|Any CPU
	EndGlobalSection
	GlobalSection(ProjectConfigurationPlatforms) = postSolution
		{3F638F68-C098-4F88-8E14-D3C92CF52C9B}.Debug|Any CPU.ActiveCfg = Debug|Any CPU
		{3F638F68-C098-4F88-8E14-D3C92CF52C9B}.Debug|Any CPU.Build.0 = Debug|Any CPU
		{3F638F68-C098-4F88-8E14-D3C92CF52C9B}.Release|Any CPU.ActiveCfg = Release|Any CPU
		{3F638F68-C098-4F88-8E14-D3C92CF52C9B}.Release|Any CPU.Build.0 = Release|Any CPU
	EndGlobalSection
	GlobalSection(SolutionProperties) = preSolution
		HideSolutionNode = FALSE
	EndGlobalSection
	GlobalSection(ExtensibilityGlobals) = postSolution
		SolutionGuid = {34285963-3373-4F92-86D6-AA082A443107}
	EndGlobalSection
EndGlobal
